
Microsoft Visual Studio Solution File, Format Version 12.00
# Visual Studio Version 17
VisualStudioVersion = 17.8.34212.112
MinimumVisualStudioVersion = 10.0.40219.1
Project("{FAE04EC0-301F-11D3-BF4B-00C04F79EFBC}") = "funky initial video replacer", "funky initial video replacer.csproj", "{46D4E7D9-9C4F-4599-8590-F009FC6A02DC}"
EndProject
Global
	GlobalSection(SolutionConfigurationPlatforms) = preSolution
		Debug|Any CPU = Debug|Any CPU
		Release|Any CPU = Release|Any CPU
	EndGlobalSection
	GlobalSection(ProjectConfigurationPlatforms) = postSolution
		{46D4E7D9-9C4F-4599-8590-F009FC6A02DC}.Debug|Any CPU.ActiveCfg = Debug|Any CPU
		{46D4E7D9-9C4F-4599-8590-F009FC6A02DC}.Debug|Any CPU.Build.0 = Debug|Any CPU
		{46D4E7D9-9C4F-4599-8590-F009FC6A02DC}.Release|Any CPU.ActiveCfg = Release|Any CPU
		{46D4E7D9-9C4F-4599-8590-F009FC6A02DC}.Release|Any CPU.Build.0 = Release|Any CPU
	EndGlobalSection
	GlobalSection(SolutionProperties) = preSolution
		HideSolutionNode = FALSE
	EndGlobalSection
	GlobalSection(ExtensibilityGlobals) = postSolution
		SolutionGuid = {EDE1C858-F143-4A9F-9020-769D299E9F59}
	EndGlobalSection
EndGlobal
